// !$*UTF8*$!
{
	archiveVersion = 1;
	classes = {
	};
	objectVersion = 77;
	objects = {

/* Begin PBXBuildFile section */
		1AAAAAA32F9FDE480041704F /* GRDB in Frameworks */ = {isa = PBXBuildFile; productRef = 1AAAAAA22F9FDE480041704F /* GRDB */; };
		1BBBBBB32F9FDE480041704F /* Sparkle in Frameworks */ = {isa = PBXBuildFile; productRef = 1BBBBBB22F9FDE480041704F /* Sparkle */; };
/* End PBXBuildFile section */

/* Begin PBXContainerItemProxy section */
		19115FF12F9FDE480041704F /* PBXContainerItemProxy */ = {
			isa = PBXContainerItemProxy;
			containerPortal = 19115FDB2F9FDE470041704F /* Project object */;
			proxyType = 1;
			remoteGlobalIDString = 19115FE22F9FDE470041704F;
			remoteInfo = whisperly;
		};
		19115FFB2F9FDE480041704F /* PBXContainerItemProxy */ = {
			isa = PBXContainerItemProxy;
			containerPortal = 19115FDB2F9FDE470041704F /* Project object */;
			proxyType = 1;
			remoteGlobalIDString = 19115FE22F9FDE470041704F;
			remoteInfo = whisperly;
		};
/* End PBXContainerItemProxy section */

/* Begin PBXFileReference section */
		19115FE32F9FDE470041704F /* whisperly.app */ = {isa = PBXFileReference; explicitFileType = wrapper.application; includeInIndex = 0; path = whisperly.app; sourceTree = BUILT_PRODUCTS_DIR; };
		19115FF02F9FDE480041704F /* whisperlyTests.xctest */ = {isa = PBXFileReference; explicitFileType = wrapper.cfbundle; includeInIndex = 0; path = whisperlyTests.xctest; sourceTree = BUILT_PRODUCTS_DIR; };
		19115FFA2F9FDE480041704F /* whisperlyUITests.xctest */ = {isa = PBXFileReference; explicitFileType = wrapper.cfbundle; includeInIndex = 0; path = whisperlyUITests.xctest; sourceTree = BUILT_PRODUCTS_DIR; };
/* End PBXFileReference section */

/* Begin PBXFileSystemSynchronizedBuildFileExceptionSet section */
		1911600E2F9FE0AF0041704F /* Exceptions for "whisperly" folder in "whisperly" target */ = {
			isa = PBXFileSystemSynchronizedBuildFileExceptionSet;
			membershipExceptions = (
				Info.plist,
			);
			target = 19115FE22F9FDE470041704F /* whisperly */;
		};
/* End PBXFileSystemSynchronizedBuildFileExceptionSet section */

/* Begin PBXFileSystemSynchronizedRootGroup section */
		19115FE52F9FDE470041704F /* whisperly */ = {
			isa = PBXFileSystemSynchronizedRootGroup;
			exceptions = (
				1911600E2F9FE0AF0041704F /* Exceptions for "whisperly" folder in "whisperly" target */,
			);
			path = whisperly;
			sourceTree = "<group>";
		};
		19115FF32F9FDE480041704F /* whisperlyTests */ = {
			isa = PBXFileSystemSynchronizedRootGroup;
			path = whisperlyTests;
			sourceTree = "<group>";
		};
		19115FFD2F9FDE480041704F /* whisperlyUITests */ = {
			isa = PBXFileSystemSynchronizedRootGroup;
			path = whisperlyUITests;
			sourceTree = "<group>";
		};
/* End PBXFileSystemSynchronizedRootGroup section */

/* Begin PBXFrameworksBuildPhase section */
		19115FE02F9FDE470041704F /* Frameworks */ = {
			isa = PBXFrameworksBuildPhase;
			buildActionMask = 2147483647;
			files = (
				1AAAAAA32F9FDE480041704F /* GRDB in Frameworks */,
				1BBBBBB32F9FDE480041704F /* Sparkle in Frameworks */,
			);
			runOnlyForDeploymentPostprocessing = 0;
		};
		19115FED2F9FDE480041704F /* Frameworks */ = {
			isa = PBXFrameworksBuildPhase;
			buildActionMask = 2147483647;
			files = (
			);
			runOnlyForDeploymentPostprocessing = 0;
		};
		19115FF72F9FDE480041704F /* Frameworks */ = {
			isa = PBXFrameworksBuildPhase;
			buildActionMask = 2147483647;
			files = (
			);
			runOnlyForDeploymentPostprocessing = 0;
		};
/* End PBXFrameworksBuildPhase section */

/* Begin PBXGroup section */
		19115FDA2F9FDE470041704F = {
			isa = PBXGroup;
			children = (
				19115FE52F9FDE470041704F /* whisperly */,
				19115FF32F9FDE480041704F /* whisperlyTests */,
				19115FFD2F9FDE480041704F /* whisperlyUITests */,
				19115FE42F9FDE470041704F /* Products */,
			);
			sourceTree = "<group>";
		};
		19115FE42F9FDE470041704F /* Products */ = {
			isa = PBXGroup;
			children = (
				19115FE32F9FDE470041704F /* whisperly.app */,
				19115FF02F9FDE480041704F /* whisperlyTests.xctest */,
				19115FFA2F9FDE480041704F /* whisperlyUITests.xctest */,
			);
			name = Products;
			sourceTree = "<group>";
		};
/* End PBXGroup section */

/* Begin PBXNativeTarget section */
		19115FE22F9FDE470041704F /* whisperly */ = {
			isa = PBXNativeTarget;
			buildConfigurationList = 191160042F9FDE480041704F /* Build configuration list for PBXNativeTarget "whisperly" */;
			buildPhases = (
				19115FDF2F9FDE470041704F /* Sources */,
				19115FE02F9FDE470041704F /* Frameworks */,
				19115FE12F9FDE470041704F /* Resources */,
			);
			buildRules = (
			);
			dependencies = (
			);
			fileSystemSynchronizedGroups = (
				19115FE52F9FDE470041704F /* whisperly */,
			);
			name = whisperly;
			packageProductDependencies = (
				1AAAAAA22F9FDE480041704F /* GRDB */,
				1BBBBBB22F9FDE480041704F /* Sparkle */,
			);
			productName = whisperly;
			productReference = 19115FE32F9FDE470041704F /* whisperly.app */;
			productType = "com.apple.product-type.application";
		};
		19115FEF2F9FDE480041704F /* whisperlyTests */ = {
			isa = PBXNativeTarget;
			buildConfigurationList = 191160072F9FDE480041704F /* Build configuration list for PBXNativeTarget "whisperlyTests" */;
			buildPhases = (
				19115FEC2F9FDE480041704F /* Sources */,
				19115FED2F9FDE480041704F /* Frameworks */,
				19115FEE2F9FDE480041704F /* Resources */,
			);
			buildRules = (
			);
			dependencies = (
				19115FF22F9FDE480041704F /* PBXTargetDependency */,
			);
			fileSystemSynchronizedGroups = (
				19115FF32F9FDE480041704F /* whisperlyTests */,
			);
			name = whisperlyTests;
			packageProductDependencies = (
			);
			productName = whisperlyTests;
			productReference = 19115FF02F9FDE480041704F /* whisperlyTests.xctest */;
			productType = "com.apple.product-type.bundle.unit-test";
		};
		19115FF92F9FDE480041704F /* whisperlyUITests */ = {
			isa = PBXNativeTarget;
			buildConfigurationList = 1911600A2F9FDE480041704F /* Build configuration list for PBXNativeTarget "whisperlyUITests" */;
			buildPhases = (
				19115FF62F9FDE480041704F /* Sources */,
				19115FF72F9FDE480041704F /* Frameworks */,
				19115FF82F9FDE480041704F /* Resources */,
			);
			buildRules = (
			);
			dependencies = (
				19115FFC2F9FDE480041704F /* PBXTargetDependency */,
			);
			fileSystemSynchronizedGroups = (
				19115FFD2F9FDE480041704F /* whisperlyUITests */,
			);
			name = whisperlyUITests;
			packageProductDependencies = (
			);
			productName = whisperlyUITests;
			productReference = 19115FFA2F9FDE480041704F /* whisperlyUITests.xctest */;
			productType = "com.apple.product-type.bundle.ui-testing";
		};
/* End PBXNativeTarget section */

/* Begin PBXProject section */
		19115FDB2F9FDE470041704F /* Project object */ = {
			isa = PBXProject;
			attributes = {
				BuildIndependentTargetsInParallel = 1;
				LastSwiftUpdateCheck = 2640;
				LastUpgradeCheck = 2640;
				TargetAttributes = {
					19115FE22F9FDE470041704F = {
						CreatedOnToolsVersion = 26.4.1;
					};
					19115FEF2F9FDE480041704F = {
						CreatedOnToolsVersion = 26.4.1;
						TestTargetID = 19115FE22F9FDE470041704F;
					};
					19115FF92F9FDE480041704F = {
						CreatedOnToolsVersion = 26.4.1;
						TestTargetID = 19115FE22F9FDE470041704F;
					};
				};
			};
			buildConfigurationList = 19115FDE2F9FDE470041704F /* Build configuration list for PBXProject "whisperly" */;
			developmentRegion = en;
			hasScannedForEncodings = 0;
			knownRegions = (
				en,
				Base,
			);
			mainGroup = 19115FDA2F9FDE470041704F;
			minimizedProjectReferenceProxies = 1;
			packageReferences = (
				1AAAAAA12F9FDE480041704F /* XCRemoteSwiftPackageReference "GRDB" */,
				1BBBBBB12F9FDE480041704F /* XCRemoteSwiftPackageReference "Sparkle" */,
			);
			preferredProjectObjectVersion = 77;
			productRefGroup = 19115FE42F9FDE470041704F /* Products */;
			projectDirPath = "";
			projectRoot = "";
			targets = (
				19115FE22F9FDE470041704F /* whisperly */,
				19115FEF2F9FDE480041704F /* whisperlyTests */,
				19115FF92F9FDE480041704F /* whisperlyUITests */,
			);
		};
/* End PBXProject section */

/* Begin PBXResourcesBuildPhase section */
		19115FE12F9FDE470041704F /* Resources */ = {
			isa = PBXResourcesBuildPhase;
			buildActionMask = 2147483647;
			files = (
			);
			runOnlyForDeploymentPostprocessing = 0;
		};
		19115FEE2F9FDE480041704F /* Resources */ = {
			isa = PBXResourcesBuildPhase;
			buildActionMask = 2147483647;
			files = (
			);
			runOnlyForDeploymentPostprocessing = 0;
		};
		19115FF82F9FDE480041704F /* Resources */ = {
			isa = PBXResourcesBuildPhase;
			buildActionMask = 2147483647;
			files = (
			);
			runOnlyForDeploymentPostprocessing = 0;
		};
/* End PBXResourcesBuildPhase section */

/* Begin PBXSourcesBuildPhase section */
		19115FDF2F9FDE470041704F /* Sources */ = {
			isa = PBXSourcesBuildPhase;
			buildActionMask = 2147483647;
			files = (
			);
			runOnlyForDeploymentPostprocessing = 0;
		};
		19115FEC2F9FDE480041704F /* Sources */ = {
			isa = PBXSourcesBuildPhase;
			buildActionMask = 2147483647;
			files = (
			);
			runOnlyForDeploymentPostprocessing = 0;
		};
		19115FF62F9FDE480041704F /* Sources */ = {
			isa = PBXSourcesBuildPhase;
			buildActionMask = 2147483647;
			files = (
			);
			runOnlyForDeploymentPostprocessing = 0;
		};
/* End PBXSourcesBuildPhase section */

/* Begin PBXTargetDependency section */
		19115FF22F9FDE480041704F /* PBXTargetDependency */ = {
			isa = PBXTargetDependency;
			target = 19115FE22F9FDE470041704F /* whisperly */;
			targetProxy = 19115FF12F9FDE480041704F /* PBXContainerItemProxy */;
		};
		19115FFC2F9FDE480041704F /* PBXTargetDependency */ = {
			isa = PBXTargetDependency;
			target = 19115FE22F9FDE470041704F /* whisperly */;
			targetProxy = 19115FFB2F9FDE480041704F /* PBXContainerItemProxy */;
		};
/* End PBXTargetDependency section */

/* Begin XCBuildConfiguration section */
		191160022F9FDE480041704F /* Debug */ = {
			isa = XCBuildConfiguration;
			buildSettings = {
				ALWAYS_SEARCH_USER_PATHS = NO;
				ASSETCATALOG_COMPILER_GENERATE_SWIFT_ASSET_SYMBOL_EXTENSIONS = YES;
				CLANG_ANALYZER_NONNULL = YES;
				CLANG_ANALYZER_NUMBER_OBJECT_CONVERSION = YES_AGGRESSIVE;
				CLANG_CXX_LANGUAGE_STANDARD = "gnu++20";
				CLANG_ENABLE_MODULES = YES;
				CLANG_ENABLE_OBJC_ARC = YES;
				CLANG_ENABLE_OBJC_WEAK = YES;
				CLANG_WARN_BLOCK_CAPTURE_AUTORELEASING = YES;
				CLANG_WARN_BOOL_CONVERSION = YES;
				CLANG_WARN_COMMA = YES;
				CLANG_WARN_CONSTANT_CONVERSION = YES;
				CLANG_WARN_DEPRECATED_OBJC_IMPLEMENTATIONS = YES;
				CLANG_WARN_DIRECT_OBJC_ISA_USAGE = YES_ERROR;
				CLANG_WARN_DOCUMENTATION_COMMENTS = YES;
				CLANG_WARN_EMPTY_BODY = YES;
				CLANG_WARN_ENUM_CONVERSION = YES;
				CLANG_WARN_INFINITE_RECURSION = YES;
				CLANG_WARN_INT_CONVERSION = YES;
				CLANG_WARN_NON_LITERAL_NULL_CONVERSION = YES;
				CLANG_WARN_OBJC_IMPLICIT_RETAIN_SELF = YES;
				CLANG_WARN_OBJC_LITERAL_CONVERSION = YES;
				CLANG_WARN_OBJC_ROOT_CLASS = YES_ERROR;
				CLANG_WARN_QUOTED_INCLUDE_IN_FRAMEWORK_HEADER = YES;
				CLANG_WARN_RANGE_LOOP_ANALYSIS = YES;
				CLANG_WARN_STRICT_PROTOTYPES = YES;
				CLANG_WARN_SUSPICIOUS_MOVE = YES;
				CLANG_WARN_UNGUARDED_AVAILABILITY = YES_AGGRESSIVE;
				CLANG_WARN_UNREACHABLE_CODE = YES;
				CLANG_WARN__DUPLICATE_METHOD_MATCH = YES;
				COPY_PHASE_STRIP = NO;
				DEBUG_INFORMATION_FORMAT = dwarf;
				DEVELOPMENT_TEAM = 4M5MYV2XNG;
				ENABLE_STRICT_OBJC_MSGSEND = YES;
				ENABLE_TESTABILITY = YES;
				ENABLE_USER_SCRIPT_SANDBOXING = YES;
				GCC_C_LANGUAGE_STANDARD = gnu17;
				GCC_DYNAMIC_NO_PIC = NO;
				GCC_NO_COMMON_BLOCKS = YES;
				GCC_OPTIMIZATION_LEVEL = 0;
				GCC_PREPROCESSOR_DEFINITIONS = (
					"DEBUG=1",
					"$(inherited)",
				);
				GCC_WARN_64_TO_32_BIT_CONVERSION = YES;
				GCC_WARN_ABOUT_RETURN_TYPE = YES_ERROR;
				GCC_WARN_UNDECLARED_SELECTOR = YES;
				GCC_WARN_UNINITIALIZED_AUTOS = YES_AGGRESSIVE;
				GCC_WARN_UNUSED_FUNCTION = YES;
				GCC_WARN_UNUSED_VARIABLE = YES;
				LOCALIZATION_PREFERS_STRING_CATALOGS = YES;
				MACOSX_DEPLOYMENT_TARGET = 26.4;
				MTL_ENABLE_DEBUG_INFO = INCLUDE_SOURCE;
				MTL_FAST_MATH = YES;
				ONLY_ACTIVE_ARCH = YES;
				SDKROOT = macosx;
				SWIFT_ACTIVE_COMPILATION_CONDITIONS = "DEBUG $(inherited)";
				SWIFT_OPTIMIZATION_LEVEL = "-Onone";
			};
			name = Debug;
		};
		191160032F9FDE480041704F /* Release */ = {
			isa = XCBuildConfiguration;
			buildSettings = {
				ALWAYS_SEARCH_USER_PATHS = NO;
				ASSETCATALOG_COMPILER_GENERATE_SWIFT_ASSET_SYMBOL_EXTENSIONS = YES;
				CLANG_ANALYZER_NONNULL = YES;
				CLANG_ANALYZER_NUMBER_OBJECT_CONVERSION = YES_AGGRESSIVE;
				CLANG_CXX_LANGUAGE_STANDARD = "gnu++20";
				CLANG_ENABLE_MODULES = YES;
				CLANG_ENABLE_OBJC_ARC = YES;
				CLANG_ENABLE_OBJC_WEAK = YES;
				CLANG_WARN_BLOCK_CAPTURE_AUTORELEASING = YES;
				CLANG_WARN_BOOL_CONVERSION = YES;
				CLANG_WARN_COMMA = YES;
				CLANG_WARN_CONSTANT_CONVERSION = YES;
				CLANG_WARN_DEPRECATED_OBJC_IMPLEMENTATIONS = YES;
				CLANG_WARN_DIRECT_OBJC_ISA_USAGE = YES_ERROR;
				CLANG_WARN_DOCUMENTATION_COMMENTS = YES;
				CLANG_WARN_EMPTY_BODY = YES;
				CLANG_WARN_ENUM_CONVERSION = YES;
				CLANG_WARN_INFINITE_RECURSION = YES;
				CLANG_WARN_INT_CONVERSION = YES;
				CLANG_WARN_NON_LITERAL_NULL_CONVERSION = YES;
				CLANG_WARN_OBJC_IMPLICIT_RETAIN_SELF = YES;
				CLANG_WARN_OBJC_LITERAL_CONVERSION = YES;
				CLANG_WARN_OBJC_ROOT_CLASS = YES_ERROR;
				CLANG_WARN_QUOTED_INCLUDE_IN_FRAMEWORK_HEADER = YES;
				CLANG_WARN_RANGE_LOOP_ANALYSIS = YES;
				CLANG_WARN_STRICT_PROTOTYPES = YES;
				CLANG_WARN_SUSPICIOUS_MOVE = YES;
				CLANG_WARN_UNGUARDED_AVAILABILITY = YES_AGGRESSIVE;
				CLANG_WARN_UNREACHABLE_CODE = YES;
				CLANG_WARN__DUPLICATE_METHOD_MATCH = YES;
				COPY_PHASE_STRIP = NO;
				DEBUG_INFORMATION_FORMAT = "dwarf-with-dsym";
				DEVELOPMENT_TEAM = 4M5MYV2XNG;
				ENABLE_NS_ASSERTIONS = NO;
				ENABLE_STRICT_OBJC_MSGSEND = YES;
				ENABLE_USER_SCRIPT_SANDBOXING = YES;
				GCC_C_LANGUAGE_STANDARD = gnu17;
				GCC_NO_COMMON_BLOCKS = YES;
				GCC_WARN_64_TO_32_BIT_CONVERSION = YES;
				GCC_WARN_ABOUT_RETURN_TYPE = YES_ERROR;
				GCC_WARN_UNDECLARED_SELECTOR = YES;
				GCC_WARN_UNINITIALIZED_AUTOS = YES_AGGRESSIVE;
				GCC_WARN_UNUSED_FUNCTION = YES;
				GCC_WARN_UNUSED_VARIABLE = YES;
				LOCALIZATION_PREFERS_STRING_CATALOGS = YES;
				MACOSX_DEPLOYMENT_TARGET = 26.4;
				MTL_ENABLE_DEBUG_INFO = NO;
				MTL_FAST_MATH = YES;
				SDKROOT = macosx;
				SWIFT_COMPILATION_MODE = wholemodule;
			};
			name = Release;
		};
		191160052F9FDE480041704F /* Debug */ = {
			isa = XCBuildConfiguration;
			buildSettings = {
				ASSETCATALOG_COMPILER_APPICON_NAME = AppIcon;
				ASSETCATALOG_COMPILER_GLOBAL_ACCENT_COLOR_NAME = AccentColor;
				AUTOMATION_APPLE_EVENTS = NO;
				CODE_SIGN_STYLE = Automatic;
				COMBINE_HIDPI_IMAGES = YES;
				CURRENT_PROJECT_VERSION = 1;
				DEVELOPMENT_TEAM = 4M5MYV2XNG;
				ENABLE_APP_SANDBOX = NO;
				ENABLE_HARDENED_RUNTIME = YES;
				ENABLE_PREVIEWS = YES;
				ENABLE_RESOURCE_ACCESS_AUDIO_INPUT = YES;
				ENABLE_RESOURCE_ACCESS_CALENDARS = NO;
				ENABLE_RESOURCE_ACCESS_CAMERA = NO;
				ENABLE_RESOURCE_ACCESS_CONTACTS = NO;
				ENABLE_RESOURCE_ACCESS_LOCATION = NO;
				ENABLE_RESOURCE_ACCESS_PHOTO_LIBRARY = NO;
				GENERATE_INFOPLIST_FILE = YES;
				INFOPLIST_FILE = whisperly/Info.plist;
				INFOPLIST_KEY_LSUIElement = YES;
				INFOPLIST_KEY_NSAppleEventsUsageDescription = "Whisperly uses Accessibility to detect your active app so it can format dictation appropriately and paste at your cursor.";
				INFOPLIST_KEY_NSHumanReadableCopyright = "";
				INFOPLIST_KEY_NSMicrophoneUsageDescription = "Whisperly listens to your voice when you hold the hotkey, transcribes it, and pastes the result into your active app.";
				INFOPLIST_KEY_NSSpeechRecognitionUsageDescription = "Whisperly uses on-device speech recognition to show a live preview of what you're saying while you dictate. The final transcription still goes through your chosen cloud provider for accuracy.";
				INFOPLIST_KEY_SUEnableAutomaticChecks = YES;
				INFOPLIST_KEY_SUFeedURL = "https://example.com/whisperly/appcast.xml";
				INFOPLIST_KEY_SUPublicEDKey = PUT_YOUR_PUBLIC_ED_KEY_HERE;
				INFOPLIST_KEY_SUScheduledCheckInterval = 86400;
				LD_RUNPATH_SEARCH_PATHS = (
					"$(inherited)",
					"@executable_path/../Frameworks",
				);
				MARKETING_VERSION = 1.0;
				PRODUCT_BUNDLE_IDENTIFIER = com.karim.whisperly;
				PRODUCT_NAME = "$(TARGET_NAME)";
				REGISTER_APP_GROUPS = YES;
				RUNTIME_EXCEPTION_ALLOW_DYLD_ENVIRONMENT_VARIABLES = NO;
				RUNTIME_EXCEPTION_ALLOW_JIT = NO;
				RUNTIME_EXCEPTION_ALLOW_UNSIGNED_EXECUTABLE_MEMORY = NO;
				RUNTIME_EXCEPTION_DEBUGGING_TOOL = NO;
				RUNTIME_EXCEPTION_DISABLE_EXECUTABLE_PAGE_PROTECTION = NO;
				RUNTIME_EXCEPTION_DISABLE_LIBRARY_VALIDATION = NO;
				STRING_CATALOG_GENERATE_SYMBOLS = YES;
				SWIFT_APPROACHABLE_CONCURRENCY = YES;
				SWIFT_DEFAULT_ACTOR_ISOLATION = MainActor;
				SWIFT_EMIT_LOC_STRINGS = YES;
				SWIFT_UPCOMING_FEATURE_MEMBER_IMPORT_VISIBILITY = YES;
				SWIFT_VERSION = 5.0;
			};
			name = Debug;
		};
		191160062F9FDE480041704F /* Release */ = {
			isa = XCBuildConfiguration;
			buildSettings = {
				ASSETCATALOG_COMPILER_APPICON_NAME = AppIcon;
				ASSETCATALOG_COMPILER_GLOBAL_ACCENT_COLOR_NAME = AccentColor;
				AUTOMATION_APPLE_EVENTS = NO;
				CODE_SIGN_STYLE = Automatic;
				COMBINE_HIDPI_IMAGES = YES;
				CURRENT_PROJECT_VERSION = 1;
				DEVELOPMENT_TEAM = 4M5MYV2XNG;
				ENABLE_APP_SANDBOX = NO;
				ENABLE_HARDENED_RUNTIME = YES;
				ENABLE_PREVIEWS = YES;
				ENABLE_RESOURCE_ACCESS_AUDIO_INPUT = YES;
				ENABLE_RESOURCE_ACCESS_CALENDARS = NO;
				ENABLE_RESOURCE_ACCESS_CAMERA = NO;
				ENABLE_RESOURCE_ACCESS_CONTACTS = NO;
				ENABLE_RESOURCE_ACCESS_LOCATION = NO;
				ENABLE_RESOURCE_ACCESS_PHOTO_LIBRARY = NO;
				GENERATE_INFOPLIST_FILE = YES;
				INFOPLIST_FILE = whisperly/Info.plist;
				INFOPLIST_KEY_LSUIElement = YES;
				INFOPLIST_KEY_NSAppleEventsUsageDescription = "Whisperly uses Accessibility to detect your active app so it can format dictation appropriately and paste at your cursor.";
				INFOPLIST_KEY_NSHumanReadableCopyright = "";
				INFOPLIST_KEY_NSMicrophoneUsageDescription = "Whisperly listens to your voice when you hold the hotkey, transcribes it, and pastes the result into your active app.";
				INFOPLIST_KEY_NSSpeechRecognitionUsageDescription = "Whisperly uses on-device speech recognition to show a live preview of what you're saying while you dictate. The final transcription still goes through your chosen cloud provider for accuracy.";
				INFOPLIST_KEY_SUEnableAutomaticChecks = YES;
				INFOPLIST_KEY_SUFeedURL = "https://example.com/whisperly/appcast.xml";
				INFOPLIST_KEY_SUPublicEDKey = PUT_YOUR_PUBLIC_ED_KEY_HERE;
				INFOPLIST_KEY_SUScheduledCheckInterval = 86400;
				LD_RUNPATH_SEARCH_PATHS = (
					"$(inherited)",
					"@executable_path/../Frameworks",
				);
				MARKETING_VERSION = 1.0;
				PRODUCT_BUNDLE_IDENTIFIER = com.karim.whisperly;
				PRODUCT_NAME = "$(TARGET_NAME)";
				REGISTER_APP_GROUPS = YES;
				RUNTIME_EXCEPTION_ALLOW_DYLD_ENVIRONMENT_VARIABLES = NO;
				RUNTIME_EXCEPTION_ALLOW_JIT = NO;
				RUNTIME_EXCEPTION_ALLOW_UNSIGNED_EXECUTABLE_MEMORY = NO;
				RUNTIME_EXCEPTION_DEBUGGING_TOOL = NO;
				RUNTIME_EXCEPTION_DISABLE_EXECUTABLE_PAGE_PROTECTION = NO;
				RUNTIME_EXCEPTION_DISABLE_LIBRARY_VALIDATION = NO;
				STRING_CATALOG_GENERATE_SYMBOLS = YES;
				SWIFT_APPROACHABLE_CONCURRENCY = YES;
				SWIFT_DEFAULT_ACTOR_ISOLATION = MainActor;
				SWIFT_EMIT_LOC_STRINGS = YES;
				SWIFT_UPCOMING_FEATURE_MEMBER_IMPORT_VISIBILITY = YES;
				SWIFT_VERSION = 5.0;
			};
			name = Release;
		};
		191160082F9FDE480041704F /* Debug */ = {
			isa = XCBuildConfiguration;
			buildSettings = {
				BUNDLE_LOADER = "$(TEST_HOST)";
				CODE_SIGN_STYLE = Automatic;
				CURRENT_PROJECT_VERSION = 1;
				DEVELOPMENT_TEAM = 4M5MYV2XNG;
				GENERATE_INFOPLIST_FILE = YES;
				MACOSX_DEPLOYMENT_TARGET = 26.4;
				MARKETING_VERSION = 1.0;
				PRODUCT_BUNDLE_IDENTIFIER = com.karim.whisperlyTests;
				PRODUCT_NAME = "$(TARGET_NAME)";
				STRING_CATALOG_GENERATE_SYMBOLS = NO;
				SWIFT_APPROACHABLE_CONCURRENCY = YES;
				SWIFT_EMIT_LOC_STRINGS = NO;
				SWIFT_UPCOMING_FEATURE_MEMBER_IMPORT_VISIBILITY = YES;
				SWIFT_VERSION = 5.0;
				TEST_HOST = "$(BUILT_PRODUCTS_DIR)/whisperly.app/$(BUNDLE_EXECUTABLE_FOLDER_PATH)/whisperly";
			};
			name = Debug;
		};
		191160092F9FDE480041704F /* Release */ = {
			isa = XCBuildConfiguration;
			buildSettings = {
				BUNDLE_LOADER = "$(TEST_HOST)";
				CODE_SIGN_STYLE = Automatic;
				CURRENT_PROJECT_VERSION = 1;
				DEVELOPMENT_TEAM = 4M5MYV2XNG;
				GENERATE_INFOPLIST_FILE = YES;
				MACOSX_DEPLOYMENT_TARGET = 26.4;
				MARKETING_VERSION = 1.0;
				PRODUCT_BUNDLE_IDENTIFIER = com.karim.whisperlyTests;
				PRODUCT_NAME = "$(TARGET_NAME)";
				STRING_CATALOG_GENERATE_SYMBOLS = NO;
				SWIFT_APPROACHABLE_CONCURRENCY = YES;
				SWIFT_EMIT_LOC_STRINGS = NO;
				SWIFT_UPCOMING_FEATURE_MEMBER_IMPORT_VISIBILITY = YES;
				SWIFT_VERSION = 5.0;
				TEST_HOST = "$(BUILT_PRODUCTS_DIR)/whisperly.app/$(BUNDLE_EXECUTABLE_FOLDER_PATH)/whisperly";
			};
			name = Release;
		};
		1911600B2F9FDE480041704F /* Debug */ = {
			isa = XCBuildConfiguration;
			buildSettings = {
				CODE_SIGN_STYLE = Automatic;
				CURRENT_PROJECT_VERSION = 1;
				DEVELOPMENT_TEAM = 4M5MYV2XNG;
				GENERATE_INFOPLIST_FILE = YES;
				MARKETING_VERSION = 1.0;
				PRODUCT_BUNDLE_IDENTIFIER = com.karim.whisperlyUITests;
				PRODUCT_NAME = "$(TARGET_NAME)";
				STRING_CATALOG_GENERATE_SYMBOLS = NO;
				SWIFT_APPROACHABLE_CONCURRENCY = YES;
				SWIFT_EMIT_LOC_STRINGS = NO;
				SWIFT_UPCOMING_FEATURE_MEMBER_IMPORT_VISIBILITY = YES;
				SWIFT_VERSION = 5.0;
				TEST_TARGET_NAME = whisperly;
			};
			name = Debug;
		};
		1911600C2F9FDE480041704F /* Release */ = {
			isa = XCBuildConfiguration;
			buildSettings = {
				CODE_SIGN_STYLE = Automatic;
				CURRENT_PROJECT_VERSION = 1;
				DEVELOPMENT_TEAM = 4M5MYV2XNG;
				GENERATE_INFOPLIST_FILE = YES;
				MARKETING_VERSION = 1.0;
				PRODUCT_BUNDLE_IDENTIFIER = com.karim.whisperlyUITests;
				PRODUCT_NAME = "$(TARGET_NAME)";
				STRING_CATALOG_GENERATE_SYMBOLS = NO;
				SWIFT_APPROACHABLE_CONCURRENCY = YES;
				SWIFT_EMIT_LOC_STRINGS = NO;
				SWIFT_UPCOMING_FEATURE_MEMBER_IMPORT_VISIBILITY = YES;
				SWIFT_VERSION = 5.0;
				TEST_TARGET_NAME = whisperly;
			};
			name = Release;
		};
/* End XCBuildConfiguration section */

/* Begin XCConfigurationList section */
		19115FDE2F9FDE470041704F /* Build configuration list for PBXProject "whisperly" */ = {
			isa = XCConfigurationList;
			buildConfigurations = (
				191160022F9FDE480041704F /* Debug */,
				191160032F9FDE480041704F /* Release */,
			);
			defaultConfigurationIsVisible = 0;
			defaultConfigurationName = Release;
		};
		191160042F9FDE480041704F /* Build configuration list for PBXNativeTarget "whisperly" */ = {
			isa = XCConfigurationList;
			buildConfigurations = (
				191160052F9FDE480041704F /* Debug */,
				191160062F9FDE480041704F /* Release */,
			);
			defaultConfigurationIsVisible = 0;
			defaultConfigurationName = Release;
		};
		191160072F9FDE480041704F /* Build configuration list for PBXNativeTarget "whisperlyTests" */ = {
			isa = XCConfigurationList;
			buildConfigurations = (
				191160082F9FDE480041704F /* Debug */,
				191160092F9FDE480041704F /* Release */,
			);
			defaultConfigurationIsVisible = 0;
			defaultConfigurationName = Release;
		};
		1911600A2F9FDE480041704F /* Build configuration list for PBXNativeTarget "whisperlyUITests" */ = {
			isa = XCConfigurationList;
			buildConfigurations = (
				1911600B2F9FDE480041704F /* Debug */,
				1911600C2F9FDE480041704F /* Release */,
			);
			defaultConfigurationIsVisible = 0;
			defaultConfigurationName = Release;
		};
/* End XCConfigurationList section */

/* Begin XCRemoteSwiftPackageReference section */
		1AAAAAA12F9FDE480041704F /* XCRemoteSwiftPackageReference "GRDB" */ = {
			isa = XCRemoteSwiftPackageReference;
			repositoryURL = "https://github.com/groue/GRDB.swift";
			requirement = {
				kind = upToNextMajorVersion;
				minimumVersion = 6.0.0;
			};
		};
		1BBBBBB12F9FDE480041704F /* XCRemoteSwiftPackageReference "Sparkle" */ = {
			isa = XCRemoteSwiftPackageReference;
			repositoryURL = "https://github.com/sparkle-project/Sparkle";
			requirement = {
				kind = upToNextMajorVersion;
				minimumVersion = 2.6.0;
			};
		};
/* End XCRemoteSwiftPackageReference section */

/* Begin XCSwiftPackageProductDependency section */
		1AAAAAA22F9FDE480041704F /* GRDB */ = {
			isa = XCSwiftPackageProductDependency;
			package = 1AAAAAA12F9FDE480041704F /* XCRemoteSwiftPackageReference "GRDB" */;
			productName = GRDB;
		};
		1BBBBBB22F9FDE480041704F /* Sparkle */ = {
			isa = XCSwiftPackageProductDependency;
			package = 1BBBBBB12F9FDE480041704F /* XCRemoteSwiftPackageReference "Sparkle" */;
			productName = Sparkle;
		};
/* End XCSwiftPackageProductDependency section */
	};
	rootObject = 19115FDB2F9FDE470041704F /* Project object */;
}
